{
  "version": 4,
  "terraform_version": "1.6.5",
  "serial": 729,
  "lineage": "be8ebbdc-d4c0-c6a0-ffdb-a80d00cdd4c8",
  "outputs": {},
  "resources": [
    {
      "module": "module.ec2_instances",
      "mode": "data",
      "type": "aws_ami",
      "name": "ubuntu",
      "provider": "provider[\"registry.terraform.io/hashicorp/aws\"]",
      "instances": [
        {
          "schema_version": 0,
          "attributes": {
            "architecture": "x86_64",
            "arn": "arn:aws:ec2:us-west-2::image/ami-068510ecc618e49e3",
            "block_device_mappings": [
              {
                "device_name": "/dev/sda1",
                "ebs": {
                  "delete_on_termination": "true",
                  "encrypted": "false",
                  "iops": "0",
                  "snapshot_id": "snap-0db59beeed22e5f9f",
                  "throughput": "0",
                  "volume_size": "8",
                  "volume_type": "gp2"
                },
                "no_device": "",
                "virtual_name": ""
              },
              {
                "device_name": "/dev/sdb",
                "ebs": {},
                "no_device": "",
                "virtual_name": "ephemeral0"
              },
              {
                "device_name": "/dev/sdc",
                "ebs": {},
                "no_device": "",
                "virtual_name": "ephemeral1"
              }
            ],
            "boot_mode": "uefi-preferred",
            "creation_date": "2023-12-07T01:03:16.000Z",
            "deprecation_time": "2025-12-07T01:03:16.000Z",
            "description": "Canonical, Ubuntu, 23.04, amd64 lunar image build on 2023-12-06",
            "ena_support": true,
            "executable_users": null,
            "filter": [
              {
                "name": "name",
                "values": [
                  "ubuntu/images/hvm-ssd/ubuntu-lunar-23.04-amd64-server-*"
                ]
              }
            ],
            "hypervisor": "xen",
            "id": "ami-068510ecc618e49e3",
            "image_id": "ami-068510ecc618e49e3",
            "image_location": "amazon/ubuntu/images/hvm-ssd/ubuntu-lunar-23.04-amd64-server-20231206",
            "image_owner_alias": "amazon",
            "image_type": "machine",
            "imds_support": "",
            "include_deprecated": false,
            "kernel_id": "",
            "most_recent": true,
            "name": "ubuntu/images/hvm-ssd/ubuntu-lunar-23.04-amd64-server-20231206",
            "name_regex": null,
            "owner_id": "099720109477",
            "owners": [
              "099720109477"
            ],
            "platform": "",
            "platform_details": "Linux/UNIX",
            "product_codes": [],
            "public": true,
            "ramdisk_id": "",
            "root_device_name": "/dev/sda1",
            "root_device_type": "ebs",
            "root_snapshot_id": "snap-0db59beeed22e5f9f",
            "sriov_net_support": "simple",
            "state": "available",
            "state_reason": {
              "code": "UNSET",
              "message": "UNSET"
            },
            "tags": {},
            "timeouts": null,
            "tpm_support": "",
            "usage_operation": "RunInstances",
            "virtualization_type": "hvm"
          },
          "sensitive_attributes": []
        }
      ]
    },
    {
      "module": "module.ec2_instances",
      "mode": "managed",
      "type": "aws_instance",
      "name": "a03_be_ec2",
      "provider": "provider[\"registry.terraform.io/hashicorp/aws\"]",
      "instances": [
        {
          "schema_version": 1,
          "attributes": {
            "ami": "ami-068510ecc618e49e3",
            "arn": "arn:aws:ec2:us-west-2:327820480203:instance/i-0815332fe185958d2",
            "associate_public_ip_address": true,
            "availability_zone": "us-west-2a",
            "capacity_reservation_specification": [
              {
                "capacity_reservation_preference": "open",
                "capacity_reservation_target": []
              }
            ],
            "cpu_core_count": 1,
            "cpu_options": [
              {
                "amd_sev_snp": "",
                "core_count": 1,
                "threads_per_core": 1
              }
            ],
            "cpu_threads_per_core": 1,
            "credit_specification": [
              {
                "cpu_credits": "standard"
              }
            ],
            "disable_api_stop": false,
            "disable_api_termination": false,
            "ebs_block_device": [],
            "ebs_optimized": false,
            "enclave_options": [
              {
                "enabled": false
              }
            ],
            "ephemeral_block_device": [],
            "get_password_data": false,
            "hibernation": false,
            "host_id": "",
            "host_resource_group_arn": null,
            "iam_instance_profile": "",
            "id": "i-0815332fe185958d2",
            "instance_initiated_shutdown_behavior": "stop",
            "instance_lifecycle": "",
            "instance_market_options": [],
            "instance_state": "running",
            "instance_type": "t2.micro",
            "ipv6_address_count": 0,
            "ipv6_addresses": [],
            "key_name": "terra",
            "launch_template": [],
            "maintenance_options": [
              {
                "auto_recovery": "default"
              }
            ],
            "metadata_options": [
              {
                "http_endpoint": "enabled",
                "http_protocol_ipv6": "disabled",
                "http_put_response_hop_limit": 1,
                "http_tokens": "optional",
                "instance_metadata_tags": "disabled"
              }
            ],
            "monitoring": false,
            "network_interface": [],
            "outpost_arn": "",
            "password_data": "",
            "placement_group": "",
            "placement_partition_number": 0,
            "primary_network_interface_id": "eni-040cda1f4b1657c74",
            "private_dns": "ip-192-168-1-248.us-west-2.compute.internal",
            "private_dns_name_options": [
              {
                "enable_resource_name_dns_a_record": false,
                "enable_resource_name_dns_aaaa_record": false,
                "hostname_type": "ip-name"
              }
            ],
            "private_ip": "192.168.1.248",
            "public_dns": "ec2-18-237-171-127.us-west-2.compute.amazonaws.com",
            "public_ip": "18.237.171.127",
            "root_block_device": [
              {
                "delete_on_termination": true,
                "device_name": "/dev/sda1",
                "encrypted": false,
                "iops": 100,
                "kms_key_id": "",
                "tags": {},
                "throughput": 0,
                "volume_id": "vol-00afd8bef6e17011d",
                "volume_size": 8,
                "volume_type": "gp2"
              }
            ],
            "secondary_private_ips": [],
            "security_groups": [],
            "source_dest_check": true,
            "spot_instance_request_id": "",
            "subnet_id": "subnet-0973706376535f7f4",
            "tags": {
              "Name": "a03_be_ec2"
            },
            "tags_all": {
              "Name": "a03_be_ec2"
            },
            "tenancy": "default",
            "timeouts": null,
            "user_data": null,
            "user_data_base64": null,
            "user_data_replace_on_change": false,
            "volume_tags": null,
            "vpc_security_group_ids": [
              "sg-001f942907d189a84"
            ]
          },
          "sensitive_attributes": [],
          "private": "eyJlMmJmYjczMC1lY2FhLTExZTYtOGY4OC0zNDM2M2JjN2M0YzAiOnsiY3JlYXRlIjo2MDAwMDAwMDAwMDAsImRlbGV0ZSI6MTIwMDAwMDAwMDAwMCwidXBkYXRlIjo2MDAwMDAwMDAwMDB9LCJzY2hlbWFfdmVyc2lvbiI6IjEifQ==",
          "dependencies": [
            "module.ec2_instances.aws_key_pair.local_key",
            "module.ec2_instances.data.aws_ami.ubuntu",
            "module.my_vpc.aws_subnet.a03_be_subnet",
            "module.my_vpc.aws_vpc.a03_vpc",
            "module.security_group.aws_security_group.a03_be_sg"
          ]
        }
      ]
    },
    {
      "module": "module.ec2_instances",
      "mode": "managed",
      "type": "aws_instance",
      "name": "a03_web_ec2",
      "provider": "provider[\"registry.terraform.io/hashicorp/aws\"]",
      "instances": [
        {
          "schema_version": 1,
          "attributes": {
            "ami": "ami-068510ecc618e49e3",
            "arn": "arn:aws:ec2:us-west-2:327820480203:instance/i-0bbd481af7206568a",
            "associate_public_ip_address": true,
            "availability_zone": "us-west-2a",
            "capacity_reservation_specification": [
              {
                "capacity_reservation_preference": "open",
                "capacity_reservation_target": []
              }
            ],
            "cpu_core_count": 1,
            "cpu_options": [
              {
                "amd_sev_snp": "",
                "core_count": 1,
                "threads_per_core": 1
              }
            ],
            "cpu_threads_per_core": 1,
            "credit_specification": [
              {
                "cpu_credits": "standard"
              }
            ],
            "disable_api_stop": false,
            "disable_api_termination": false,
            "ebs_block_device": [],
            "ebs_optimized": false,
            "enclave_options": [
              {
                "enabled": false
              }
            ],
            "ephemeral_block_device": [],
            "get_password_data": false,
            "hibernation": false,
            "host_id": "",
            "host_resource_group_arn": null,
            "iam_instance_profile": "",
            "id": "i-0bbd481af7206568a",
            "instance_initiated_shutdown_behavior": "stop",
            "instance_lifecycle": "",
            "instance_market_options": [],
            "instance_state": "running",
            "instance_type": "t2.micro",
            "ipv6_address_count": 0,
            "ipv6_addresses": [],
            "key_name": "terra",
            "launch_template": [],
            "maintenance_options": [
              {
                "auto_recovery": "default"
              }
            ],
            "metadata_options": [
              {
                "http_endpoint": "enabled",
                "http_protocol_ipv6": "disabled",
                "http_put_response_hop_limit": 1,
                "http_tokens": "optional",
                "instance_metadata_tags": "disabled"
              }
            ],
            "monitoring": false,
            "network_interface": [],
            "outpost_arn": "",
            "password_data": "",
            "placement_group": "",
            "placement_partition_number": 0,
            "primary_network_interface_id": "eni-0bb93bb116fa59686",
            "private_dns": "ip-192-168-2-174.us-west-2.compute.internal",
            "private_dns_name_options": [
              {
                "enable_resource_name_dns_a_record": false,
                "enable_resource_name_dns_aaaa_record": false,
                "hostname_type": "ip-name"
              }
            ],
            "private_ip": "192.168.2.174",
            "public_dns": "ec2-34-222-253-15.us-west-2.compute.amazonaws.com",
            "public_ip": "34.222.253.15",
            "root_block_device": [
              {
                "delete_on_termination": true,
                "device_name": "/dev/sda1",
                "encrypted": false,
                "iops": 100,
                "kms_key_id": "",
                "tags": {},
                "throughput": 0,
                "volume_id": "vol-04326a418e34a739f",
                "volume_size": 8,
                "volume_type": "gp2"
              }
            ],
            "secondary_private_ips": [],
            "security_groups": [],
            "source_dest_check": true,
            "spot_instance_request_id": "",
            "subnet_id": "subnet-05ea3cf6d3ea1ac81",
            "tags": {
              "Name": "a03_web_ec2"
            },
            "tags_all": {
              "Name": "a03_web_ec2"
            },
            "tenancy": "default",
            "timeouts": null,
            "user_data": null,
            "user_data_base64": null,
            "user_data_replace_on_change": false,
            "volume_tags": null,
            "vpc_security_group_ids": [
              "sg-035ae3a1eaf9bd74a"
            ]
          },
          "sensitive_attributes": [],
          "private": "eyJlMmJmYjczMC1lY2FhLTExZTYtOGY4OC0zNDM2M2JjN2M0YzAiOnsiY3JlYXRlIjo2MDAwMDAwMDAwMDAsImRlbGV0ZSI6MTIwMDAwMDAwMDAwMCwidXBkYXRlIjo2MDAwMDAwMDAwMDB9LCJzY2hlbWFfdmVyc2lvbiI6IjEifQ==",
          "dependencies": [
            "module.ec2_instances.aws_key_pair.local_key",
            "module.ec2_instances.data.aws_ami.ubuntu",
            "module.my_vpc.aws_subnet.a03_web_subnet",
            "module.my_vpc.aws_vpc.a03_vpc",
            "module.security_group.aws_security_group.a03_web_sg"
          ]
        }
      ]
    },
    {
      "module": "module.ec2_instances",
      "mode": "managed",
      "type": "aws_key_pair",
      "name": "local_key",
      "provider": "provider[\"registry.terraform.io/hashicorp/aws\"]",
      "instances": [
        {
          "schema_version": 1,
          "attributes": {
            "arn": "arn:aws:ec2:us-west-2:327820480203:key-pair/terra",
            "fingerprint": "tuKC+bIA6CKA6HPLf1j+UdX6L1gHpy/j24kAm550uUc=",
            "id": "terra",
            "key_name": "terra",
            "key_name_prefix": "",
            "key_pair_id": "key-0fe4c522f3428d68f",
            "key_type": "ed25519",
            "public_key": "ssh-ed25519 AAAAC3NzaC1lZDI1NTE5AAAAILxthKp9PwB/Lncv7zTEfGGqRdTUb5JsVnjJN5JDkryl kkim252@my.bcit.ca terra",
            "tags": {},
            "tags_all": {}
          },
          "sensitive_attributes": [],
          "private": "eyJzY2hlbWFfdmVyc2lvbiI6IjEifQ=="
        }
      ]
    },
    {
      "module": "module.ec2_instances",
      "mode": "managed",
      "type": "local_file",
      "name": "vpc_vars_file",
      "provider": "provider[\"registry.terraform.io/hashicorp/local\"]",
      "instances": [
        {
          "schema_version": 0,
          "attributes": {
            "content": "a03_be_ec2: i-0815332fe185958d2\na03_web_ec2: i-0bbd481af7206568a\n",
            "content_base64": null,
            "content_base64sha256": "UdOQvVE2PtJjN6ZIcK7mgIk5lwpY3qOCV7yD7ywTRyc=",
            "content_base64sha512": "pd+Bi8T2H9avuwRT8UCXfxbqmNa2l0WUIkYfrOFwY/iVQRu3JWzfO60eXtC5pAzMmPlrvDCoH8xnLTceTbdBOQ==",
            "content_md5": "6d40ce2180d0422f5c843ea5a3c76c90",
            "content_sha1": "23eed1232855223b23a58766b80fcbc5854f775b",
            "content_sha256": "51d390bd51363ed26337a64870aee6808939970a58dea38257bc83ef2c134727",
            "content_sha512": "a5df818bc4f61fd6afbb0453f140977f16ea98d6b697459422461face17063f895411bb7256cdf3bad1e5ed0b9a40ccc98f96bbc30a81fcc672d371e4db74139",
            "directory_permission": "0777",
            "file_permission": "0640",
            "filename": "vars.yaml",
            "id": "23eed1232855223b23a58766b80fcbc5854f775b",
            "sensitive_content": null,
            "source": null
          },
          "sensitive_attributes": [],
          "dependencies": [
            "module.ec2_instances.aws_instance.a03_be_ec2",
            "module.ec2_instances.aws_instance.a03_web_ec2",
            "module.ec2_instances.aws_key_pair.local_key",
            "module.ec2_instances.data.aws_ami.ubuntu",
            "module.my_vpc.aws_subnet.a03_be_subnet",
            "module.my_vpc.aws_subnet.a03_web_subnet",
            "module.my_vpc.aws_vpc.a03_vpc",
            "module.security_group.aws_security_group.a03_be_sg",
            "module.security_group.aws_security_group.a03_web_sg"
          ]
        }
      ]
    },
    {
      "module": "module.my_vpc",
      "mode": "managed",
      "type": "aws_internet_gateway",
      "name": "a03_gw",
      "provider": "provider[\"registry.terraform.io/hashicorp/aws\"]",
      "instances": [
        {
          "schema_version": 0,
          "attributes": {
            "arn": "arn:aws:ec2:us-west-2:327820480203:internet-gateway/igw-0f72f120aed92a014",
            "id": "igw-0f72f120aed92a014",
            "owner_id": "327820480203",
            "tags": {
              "Name": "a03_gw"
            },
            "tags_all": {
              "Name": "a03_gw"
            },
            "timeouts": null,
            "vpc_id": "vpc-0fe259d19fb37935e"
          },
          "sensitive_attributes": [],
          "private": "eyJlMmJmYjczMC1lY2FhLTExZTYtOGY4OC0zNDM2M2JjN2M0YzAiOnsiY3JlYXRlIjoxMjAwMDAwMDAwMDAwLCJkZWxldGUiOjEyMDAwMDAwMDAwMDAsInVwZGF0ZSI6MTIwMDAwMDAwMDAwMH19",
          "dependencies": [
            "module.my_vpc.aws_vpc.a03_vpc"
          ]
        }
      ]
    },
    {
      "module": "module.my_vpc",
      "mode": "managed",
      "type": "aws_route",
      "name": "default_route",
      "provider": "provider[\"registry.terraform.io/hashicorp/aws\"]",
      "instances": [
        {
          "schema_version": 0,
          "attributes": {
            "carrier_gateway_id": "",
            "core_network_arn": "",
            "destination_cidr_block": "0.0.0.0/0",
            "destination_ipv6_cidr_block": "",
            "destination_prefix_list_id": "",
            "egress_only_gateway_id": "",
            "gateway_id": "igw-0f72f120aed92a014",
            "id": "r-rtb-0443a28ec6d3a2dd81080289494",
            "instance_id": "",
            "instance_owner_id": "",
            "local_gateway_id": "",
            "nat_gateway_id": "",
            "network_interface_id": "",
            "origin": "CreateRoute",
            "route_table_id": "rtb-0443a28ec6d3a2dd8",
            "state": "active",
            "timeouts": null,
            "transit_gateway_id": "",
            "vpc_endpoint_id": "",
            "vpc_peering_connection_id": ""
          },
          "sensitive_attributes": [],
          "private": "eyJlMmJmYjczMC1lY2FhLTExZTYtOGY4OC0zNDM2M2JjN2M0YzAiOnsiY3JlYXRlIjozMDAwMDAwMDAwMDAsImRlbGV0ZSI6MzAwMDAwMDAwMDAwLCJ1cGRhdGUiOjEyMDAwMDAwMDAwMH19",
          "dependencies": [
            "module.my_vpc.aws_internet_gateway.a03_gw",
            "module.my_vpc.aws_route_table.a03_route",
            "module.my_vpc.aws_vpc.a03_vpc"
          ]
        }
      ]
    },
    {
      "module": "module.my_vpc",
      "mode": "managed",
      "type": "aws_route_table",
      "name": "a03_route",
      "provider": "provider[\"registry.terraform.io/hashicorp/aws\"]",
      "instances": [
        {
          "schema_version": 0,
          "attributes": {
            "arn": "arn:aws:ec2:us-west-2:327820480203:route-table/rtb-0443a28ec6d3a2dd8",
            "id": "rtb-0443a28ec6d3a2dd8",
            "owner_id": "327820480203",
            "propagating_vgws": [],
            "route": [
              {
                "carrier_gateway_id": "",
                "cidr_block": "0.0.0.0/0",
                "core_network_arn": "",
                "destination_prefix_list_id": "",
                "egress_only_gateway_id": "",
                "gateway_id": "igw-0f72f120aed92a014",
                "ipv6_cidr_block": "",
                "local_gateway_id": "",
                "nat_gateway_id": "",
                "network_interface_id": "",
                "transit_gateway_id": "",
                "vpc_endpoint_id": "",
                "vpc_peering_connection_id": ""
              }
            ],
            "tags": {
              "Name": "a03_route"
            },
            "tags_all": {
              "Name": "a03_route"
            },
            "timeouts": null,
            "vpc_id": "vpc-0fe259d19fb37935e"
          },
          "sensitive_attributes": [],
          "private": "eyJlMmJmYjczMC1lY2FhLTExZTYtOGY4OC0zNDM2M2JjN2M0YzAiOnsiY3JlYXRlIjozMDAwMDAwMDAwMDAsImRlbGV0ZSI6MzAwMDAwMDAwMDAwLCJ1cGRhdGUiOjEyMDAwMDAwMDAwMH19",
          "dependencies": [
            "module.my_vpc.aws_vpc.a03_vpc"
          ]
        }
      ]
    },
    {
      "module": "module.my_vpc",
      "mode": "managed",
      "type": "aws_route_table_association",
      "name": "a03_be",
      "provider": "provider[\"registry.terraform.io/hashicorp/aws\"]",
      "instances": [
        {
          "schema_version": 0,
          "attributes": {
            "gateway_id": "",
            "id": "rtbassoc-09fea14187e895ea5",
            "route_table_id": "rtb-0443a28ec6d3a2dd8",
            "subnet_id": "subnet-0973706376535f7f4",
            "timeouts": null
          },
          "sensitive_attributes": [],
          "private": "eyJlMmJmYjczMC1lY2FhLTExZTYtOGY4OC0zNDM2M2JjN2M0YzAiOnsiY3JlYXRlIjozMDAwMDAwMDAwMDAsImRlbGV0ZSI6MzAwMDAwMDAwMDAwLCJ1cGRhdGUiOjEyMDAwMDAwMDAwMH19",
          "dependencies": [
            "module.my_vpc.aws_route_table.a03_route",
            "module.my_vpc.aws_subnet.a03_be_subnet",
            "module.my_vpc.aws_vpc.a03_vpc"
          ]
        }
      ]
    },
    {
      "module": "module.my_vpc",
      "mode": "managed",
      "type": "aws_route_table_association",
      "name": "a03_db_1",
      "provider": "provider[\"registry.terraform.io/hashicorp/aws\"]",
      "instances": [
        {
          "schema_version": 0,
          "attributes": {
            "gateway_id": "",
            "id": "rtbassoc-0ea0aea5db232f7cf",
            "route_table_id": "rtb-0443a28ec6d3a2dd8",
            "subnet_id": "subnet-04f455ebc2b84db06",
            "timeouts": null
          },
          "sensitive_attributes": [],
          "private": "eyJlMmJmYjczMC1lY2FhLTExZTYtOGY4OC0zNDM2M2JjN2M0YzAiOnsiY3JlYXRlIjozMDAwMDAwMDAwMDAsImRlbGV0ZSI6MzAwMDAwMDAwMDAwLCJ1cGRhdGUiOjEyMDAwMDAwMDAwMH19",
          "dependencies": [
            "module.my_vpc.aws_route_table.a03_route",
            "module.my_vpc.aws_subnet.a03_db_1_subnet",
            "module.my_vpc.aws_vpc.a03_vpc"
          ]
        }
      ]
    },
    {
      "module": "module.my_vpc",
      "mode": "managed",
      "type": "aws_route_table_association",
      "name": "a03_db_2",
      "provider": "provider[\"registry.terraform.io/hashicorp/aws\"]",
      "instances": [
        {
          "schema_version": 0,
          "attributes": {
            "gateway_id": "",
            "id": "rtbassoc-0940401260cd85ebb",
            "route_table_id": "rtb-0443a28ec6d3a2dd8",
            "subnet_id": "subnet-0e8f7118ce406e97d",
            "timeouts": null
          },
          "sensitive_attributes": [],
          "private": "eyJlMmJmYjczMC1lY2FhLTExZTYtOGY4OC0zNDM2M2JjN2M0YzAiOnsiY3JlYXRlIjozMDAwMDAwMDAwMDAsImRlbGV0ZSI6MzAwMDAwMDAwMDAwLCJ1cGRhdGUiOjEyMDAwMDAwMDAwMH19",
          "dependencies": [
            "module.my_vpc.aws_route_table.a03_route",
            "module.my_vpc.aws_subnet.a03_db_2_subnet",
            "module.my_vpc.aws_vpc.a03_vpc"
          ]
        }
      ]
    },
    {
      "module": "module.my_vpc",
      "mode": "managed",
      "type": "aws_route_table_association",
      "name": "a03_web",
      "provider": "provider[\"registry.terraform.io/hashicorp/aws\"]",
      "instances": [
        {
          "schema_version": 0,
          "attributes": {
            "gateway_id": "",
            "id": "rtbassoc-05ce057c7ef7d0eae",
            "route_table_id": "rtb-0443a28ec6d3a2dd8",
            "subnet_id": "subnet-05ea3cf6d3ea1ac81",
            "timeouts": null
          },
          "sensitive_attributes": [],
          "private": "eyJlMmJmYjczMC1lY2FhLTExZTYtOGY4OC0zNDM2M2JjN2M0YzAiOnsiY3JlYXRlIjozMDAwMDAwMDAwMDAsImRlbGV0ZSI6MzAwMDAwMDAwMDAwLCJ1cGRhdGUiOjEyMDAwMDAwMDAwMH19",
          "dependencies": [
            "module.my_vpc.aws_route_table.a03_route",
            "module.my_vpc.aws_subnet.a03_web_subnet",
            "module.my_vpc.aws_vpc.a03_vpc"
          ]
        }
      ]
    },
    {
      "module": "module.my_vpc",
      "mode": "managed",
      "type": "aws_subnet",
      "name": "a03_be_subnet",
      "provider": "provider[\"registry.terraform.io/hashicorp/aws\"]",
      "instances": [
        {
          "schema_version": 1,
          "attributes": {
            "arn": "arn:aws:ec2:us-west-2:327820480203:subnet/subnet-0973706376535f7f4",
            "assign_ipv6_address_on_creation": false,
            "availability_zone": "us-west-2a",
            "availability_zone_id": "usw2-az2",
            "cidr_block": "192.168.1.0/24",
            "customer_owned_ipv4_pool": "",
            "enable_dns64": false,
            "enable_lni_at_device_index": 0,
            "enable_resource_name_dns_a_record_on_launch": false,
            "enable_resource_name_dns_aaaa_record_on_launch": false,
            "id": "subnet-0973706376535f7f4",
            "ipv6_cidr_block": "",
            "ipv6_cidr_block_association_id": "",
            "ipv6_native": false,
            "map_customer_owned_ip_on_launch": false,
            "map_public_ip_on_launch": true,
            "outpost_arn": "",
            "owner_id": "327820480203",
            "private_dns_hostname_type_on_launch": "ip-name",
            "tags": {
              "Name": "a03_be_subnet"
            },
            "tags_all": {
              "Name": "a03_be_subnet"
            },
            "timeouts": null,
            "vpc_id": "vpc-0fe259d19fb37935e"
          },
          "sensitive_attributes": [],
          "private": "eyJlMmJmYjczMC1lY2FhLTExZTYtOGY4OC0zNDM2M2JjN2M0YzAiOnsiY3JlYXRlIjo2MDAwMDAwMDAwMDAsImRlbGV0ZSI6MTIwMDAwMDAwMDAwMH0sInNjaGVtYV92ZXJzaW9uIjoiMSJ9",
          "dependencies": [
            "module.my_vpc.aws_vpc.a03_vpc"
          ]
        }
      ]
    },
    {
      "module": "module.my_vpc",
      "mode": "managed",
      "type": "aws_subnet",
      "name": "a03_db_1_subnet",
      "provider": "provider[\"registry.terraform.io/hashicorp/aws\"]",
      "instances": [
        {
          "schema_version": 1,
          "attributes": {
            "arn": "arn:aws:ec2:us-west-2:327820480203:subnet/subnet-04f455ebc2b84db06",
            "assign_ipv6_address_on_creation": false,
            "availability_zone": "us-west-2a",
            "availability_zone_id": "usw2-az2",
            "cidr_block": "192.168.3.0/24",
            "customer_owned_ipv4_pool": "",
            "enable_dns64": false,
            "enable_lni_at_device_index": 0,
            "enable_resource_name_dns_a_record_on_launch": false,
            "enable_resource_name_dns_aaaa_record_on_launch": false,
            "id": "subnet-04f455ebc2b84db06",
            "ipv6_cidr_block": "",
            "ipv6_cidr_block_association_id": "",
            "ipv6_native": false,
            "map_customer_owned_ip_on_launch": false,
            "map_public_ip_on_launch": true,
            "outpost_arn": "",
            "owner_id": "327820480203",
            "private_dns_hostname_type_on_launch": "ip-name",
            "tags": {
              "Name": "a03_db_1_subnet"
            },
            "tags_all": {
              "Name": "a03_db_1_subnet"
            },
            "timeouts": null,
            "vpc_id": "vpc-0fe259d19fb37935e"
          },
          "sensitive_attributes": [],
          "private": "eyJlMmJmYjczMC1lY2FhLTExZTYtOGY4OC0zNDM2M2JjN2M0YzAiOnsiY3JlYXRlIjo2MDAwMDAwMDAwMDAsImRlbGV0ZSI6MTIwMDAwMDAwMDAwMH0sInNjaGVtYV92ZXJzaW9uIjoiMSJ9",
          "dependencies": [
            "module.my_vpc.aws_vpc.a03_vpc"
          ]
        }
      ]
    },
    {
      "module": "module.my_vpc",
      "mode": "managed",
      "type": "aws_subnet",
      "name": "a03_db_2_subnet",
      "provider": "provider[\"registry.terraform.io/hashicorp/aws\"]",
      "instances": [
        {
          "schema_version": 1,
          "attributes": {
            "arn": "arn:aws:ec2:us-west-2:327820480203:subnet/subnet-0e8f7118ce406e97d",
            "assign_ipv6_address_on_creation": false,
            "availability_zone": "us-west-2b",
            "availability_zone_id": "usw2-az1",
            "cidr_block": "192.168.4.0/24",
            "customer_owned_ipv4_pool": "",
            "enable_dns64": false,
            "enable_lni_at_device_index": 0,
            "enable_resource_name_dns_a_record_on_launch": false,
            "enable_resource_name_dns_aaaa_record_on_launch": false,
            "id": "subnet-0e8f7118ce406e97d",
            "ipv6_cidr_block": "",
            "ipv6_cidr_block_association_id": "",
            "ipv6_native": false,
            "map_customer_owned_ip_on_launch": false,
            "map_public_ip_on_launch": true,
            "outpost_arn": "",
            "owner_id": "327820480203",
            "private_dns_hostname_type_on_launch": "ip-name",
            "tags": {
              "Name": "a03_db_2_subnet"
            },
            "tags_all": {
              "Name": "a03_db_2_subnet"
            },
            "timeouts": null,
            "vpc_id": "vpc-0fe259d19fb37935e"
          },
          "sensitive_attributes": [],
          "private": "eyJlMmJmYjczMC1lY2FhLTExZTYtOGY4OC0zNDM2M2JjN2M0YzAiOnsiY3JlYXRlIjo2MDAwMDAwMDAwMDAsImRlbGV0ZSI6MTIwMDAwMDAwMDAwMH0sInNjaGVtYV92ZXJzaW9uIjoiMSJ9",
          "dependencies": [
            "module.my_vpc.aws_vpc.a03_vpc"
          ]
        }
      ]
    },
    {
      "module": "module.my_vpc",
      "mode": "managed",
      "type": "aws_subnet",
      "name": "a03_web_subnet",
      "provider": "provider[\"registry.terraform.io/hashicorp/aws\"]",
      "instances": [
        {
          "schema_version": 1,
          "attributes": {
            "arn": "arn:aws:ec2:us-west-2:327820480203:subnet/subnet-05ea3cf6d3ea1ac81",
            "assign_ipv6_address_on_creation": false,
            "availability_zone": "us-west-2a",
            "availability_zone_id": "usw2-az2",
            "cidr_block": "192.168.2.0/24",
            "customer_owned_ipv4_pool": "",
            "enable_dns64": false,
            "enable_lni_at_device_index": 0,
            "enable_resource_name_dns_a_record_on_launch": false,
            "enable_resource_name_dns_aaaa_record_on_launch": false,
            "id": "subnet-05ea3cf6d3ea1ac81",
            "ipv6_cidr_block": "",
            "ipv6_cidr_block_association_id": "",
            "ipv6_native": false,
            "map_customer_owned_ip_on_launch": false,
            "map_public_ip_on_launch": true,
            "outpost_arn": "",
            "owner_id": "327820480203",
            "private_dns_hostname_type_on_launch": "ip-name",
            "tags": {
              "Name": "a03_web_subnet"
            },
            "tags_all": {
              "Name": "a03_web_subnet"
            },
            "timeouts": null,
            "vpc_id": "vpc-0fe259d19fb37935e"
          },
          "sensitive_attributes": [],
          "private": "eyJlMmJmYjczMC1lY2FhLTExZTYtOGY4OC0zNDM2M2JjN2M0YzAiOnsiY3JlYXRlIjo2MDAwMDAwMDAwMDAsImRlbGV0ZSI6MTIwMDAwMDAwMDAwMH0sInNjaGVtYV92ZXJzaW9uIjoiMSJ9",
          "dependencies": [
            "module.my_vpc.aws_vpc.a03_vpc"
          ]
        }
      ]
    },
    {
      "module": "module.my_vpc",
      "mode": "managed",
      "type": "aws_vpc",
      "name": "a03_vpc",
      "provider": "provider[\"registry.terraform.io/hashicorp/aws\"]",
      "instances": [
        {
          "schema_version": 1,
          "attributes": {
            "arn": "arn:aws:ec2:us-west-2:327820480203:vpc/vpc-0fe259d19fb37935e",
            "assign_generated_ipv6_cidr_block": false,
            "cidr_block": "192.168.0.0/16",
            "default_network_acl_id": "acl-0627837e2c9d63399",
            "default_route_table_id": "rtb-0069343ffe073191b",
            "default_security_group_id": "sg-0df031ba32e5ce1e4",
            "dhcp_options_id": "dopt-06f0fc015ffa9aaea",
            "enable_dns_hostnames": true,
            "enable_dns_support": true,
            "enable_network_address_usage_metrics": false,
            "id": "vpc-0fe259d19fb37935e",
            "instance_tenancy": "default",
            "ipv4_ipam_pool_id": null,
            "ipv4_netmask_length": null,
            "ipv6_association_id": "",
            "ipv6_cidr_block": "",
            "ipv6_cidr_block_network_border_group": "",
            "ipv6_ipam_pool_id": "",
            "ipv6_netmask_length": 0,
            "main_route_table_id": "rtb-0069343ffe073191b",
            "owner_id": "327820480203",
            "tags": {
              "Name": "a03_vpc"
            },
            "tags_all": {
              "Name": "a03_vpc"
            }
          },
          "sensitive_attributes": [],
          "private": "eyJzY2hlbWFfdmVyc2lvbiI6IjEifQ=="
        }
      ]
    },
    {
      "module": "module.my_vpc",
      "mode": "managed",
      "type": "local_file",
      "name": "vpc_vars_file",
      "provider": "provider[\"registry.terraform.io/hashicorp/local\"]",
      "instances": [
        {
          "schema_version": 0,
          "attributes": {
            "content": "a03_vpc: vpc-0fe259d19fb37935e\nvpc_cidr_block: 192.168.0.0/16\na03_be_subnet: subnet-0973706376535f7f4\na03_web_subnet: subnet-05ea3cf6d3ea1ac81\n",
            "content_base64": null,
            "content_base64sha256": "S5BdTiRI71a1zt4NGAnkL/x0I03xkV8FMhCQd6F5kBY=",
            "content_base64sha512": "P9oNiFk+Pg/SnO9RCS7Jnt+JTknbO//cys44KhNr1uFl86sZfi7VHjnFyb0Pz1/Iof7z1NhPFK6ZBbr3yTR49w==",
            "content_md5": "68760b1916b5514b34e934fb1f6f2c6a",
            "content_sha1": "b03a8945363c5c88d85fd4a7b0dffa21de5852b1",
            "content_sha256": "4b905d4e2448ef56b5cede0d1809e42ffc74234df1915f0532109077a1799016",
            "content_sha512": "3fda0d88593e3e0fd29cef51092ec99edf894e49db3bffdccace382a136bd6e165f3ab197e2ed51e39c5c9bd0fcf5fc8a1fef3d4d84f14ae9905baf7c93478f7",
            "directory_permission": "0777",
            "file_permission": "0640",
            "filename": "vars.yaml",
            "id": "b03a8945363c5c88d85fd4a7b0dffa21de5852b1",
            "sensitive_content": null,
            "source": null
          },
          "sensitive_attributes": [],
          "dependencies": [
            "module.my_vpc.aws_subnet.a03_be_subnet",
            "module.my_vpc.aws_subnet.a03_web_subnet",
            "module.my_vpc.aws_vpc.a03_vpc"
          ]
        }
      ]
    },
    {
      "module": "module.rds",
      "mode": "managed",
      "type": "aws_db_instance",
      "name": "a03_db_1_rds",
      "provider": "provider[\"registry.terraform.io/hashicorp/aws\"]",
      "instances": [
        {
          "schema_version": 2,
          "attributes": {
            "address": "rds-database-instance.cecc3kija3qy.us-west-2.rds.amazonaws.com",
            "allocated_storage": 5,
            "allow_major_version_upgrade": null,
            "apply_immediately": false,
            "arn": "arn:aws:rds:us-west-2:327820480203:db:rds-database-instance",
            "auto_minor_version_upgrade": true,
            "availability_zone": "us-west-2a",
            "backup_retention_period": 0,
            "backup_target": "region",
            "backup_window": "09:46-10:16",
            "blue_green_update": [],
            "ca_cert_identifier": "rds-ca-2019",
            "character_set_name": "",
            "copy_tags_to_snapshot": false,
            "custom_iam_instance_profile": "",
            "customer_owned_ip_enabled": false,
            "db_name": "a03rds",
            "db_subnet_group_name": "rds_subnet_group",
            "delete_automated_backups": true,
            "deletion_protection": false,
            "domain": "",
            "domain_iam_role_name": "",
            "enabled_cloudwatch_logs_exports": [],
            "endpoint": "rds-database-instance.cecc3kija3qy.us-west-2.rds.amazonaws.com:3306",
            "engine": "mysql",
            "engine_version": "8.0.34",
            "engine_version_actual": "8.0.34",
            "final_snapshot_identifier": null,
            "hosted_zone_id": "Z1PVIF0B656C1W",
            "iam_database_authentication_enabled": false,
            "id": "db-7TBOKOKSOLDKJ2A4M4EAIYYAGY",
            "identifier": "rds-database-instance",
            "identifier_prefix": "",
            "instance_class": "db.t2.micro",
            "iops": 0,
            "kms_key_id": "",
            "latest_restorable_time": "",
            "license_model": "general-public-license",
            "listener_endpoint": [],
            "maintenance_window": "sun:13:21-sun:13:51",
            "manage_master_user_password": null,
            "master_user_secret": [],
            "master_user_secret_kms_key_id": null,
            "max_allocated_storage": 0,
            "monitoring_interval": 0,
            "monitoring_role_arn": "",
            "multi_az": false,
            "nchar_character_set_name": "",
            "network_type": "IPV4",
            "option_group_name": "default:mysql-8-0",
            "parameter_group_name": "default.mysql8.0",
            "password": "password",
            "performance_insights_enabled": false,
            "performance_insights_kms_key_id": "",
            "performance_insights_retention_period": 0,
            "port": 3306,
            "publicly_accessible": false,
            "replica_mode": "",
            "replicas": [],
            "replicate_source_db": "",
            "resource_id": "db-7TBOKOKSOLDKJ2A4M4EAIYYAGY",
            "restore_to_point_in_time": [],
            "s3_import": [],
            "skip_final_snapshot": true,
            "snapshot_identifier": null,
            "status": "available",
            "storage_encrypted": false,
            "storage_throughput": 0,
            "storage_type": "gp2",
            "tags": {},
            "tags_all": {},
            "timeouts": null,
            "timezone": "",
            "username": "username",
            "vpc_security_group_ids": [
              "sg-0c87dcce89a2cf88d"
            ]
          },
          "sensitive_attributes": [
            [
              {
                "type": "get_attr",
                "value": "username"
              }
            ],
            [
              {
                "type": "get_attr",
                "value": "password"
              }
            ]
          ],
          "private": "eyJlMmJmYjczMC1lY2FhLTExZTYtOGY4OC0zNDM2M2JjN2M0YzAiOnsiY3JlYXRlIjoyNDAwMDAwMDAwMDAwLCJkZWxldGUiOjM2MDAwMDAwMDAwMDAsInVwZGF0ZSI6NDgwMDAwMDAwMDAwMH0sInNjaGVtYV92ZXJzaW9uIjoiMiJ9",
          "dependencies": [
            "module.my_vpc.aws_subnet.a03_db_1_subnet",
            "module.my_vpc.aws_subnet.a03_db_2_subnet",
            "module.my_vpc.aws_vpc.a03_vpc",
            "module.rds.aws_db_subnet_group.database_subnet_group",
            "module.security_group.aws_security_group.a03_db_1_sg"
          ]
        }
      ]
    },
    {
      "module": "module.rds",
      "mode": "managed",
      "type": "aws_db_subnet_group",
      "name": "database_subnet_group",
      "provider": "provider[\"registry.terraform.io/hashicorp/aws\"]",
      "instances": [
        {
          "schema_version": 0,
          "attributes": {
            "arn": "arn:aws:rds:us-west-2:327820480203:subgrp:rds_subnet_group",
            "description": "Subnet group for RDS database",
            "id": "rds_subnet_group",
            "name": "rds_subnet_group",
            "name_prefix": "",
            "subnet_ids": [
              "subnet-04f455ebc2b84db06",
              "subnet-0e8f7118ce406e97d"
            ],
            "supported_network_types": [
              "IPV4"
            ],
            "tags": {
              "Name": "database_subnet_group"
            },
            "tags_all": {
              "Name": "database_subnet_group"
            },
            "vpc_id": "vpc-0fe259d19fb37935e"
          },
          "sensitive_attributes": [],
          "private": "bnVsbA==",
          "dependencies": [
            "module.my_vpc.aws_subnet.a03_db_1_subnet",
            "module.my_vpc.aws_subnet.a03_db_2_subnet",
            "module.my_vpc.aws_vpc.a03_vpc"
          ]
        }
      ]
    },
    {
      "module": "module.rds",
      "mode": "managed",
      "type": "local_file",
      "name": "vpc_vars_file",
      "provider": "provider[\"registry.terraform.io/hashicorp/local\"]",
      "instances": [
        {
          "schema_version": 0,
          "attributes": {
            "content": "rds_hostname: rds-database-instance.cecc3kija3qy.us-west-2.rds.amazonaws.com\nrds_port: 3306\nrds_username: username\n",
            "content_base64": null,
            "content_base64sha256": "g4Sa/4ovxZIerpPNGO8HKQRUQqbKluasw6VcE9KD+dE=",
            "content_base64sha512": "SRPsnlThEYaWnd7oeXd7hfMlUpW5sn/+0PLAJFVoyYLvvQs0V+DNrurnQkRDXYb6sFsfPtIMaS2jbLM4Xr55Gg==",
            "content_md5": "2ac4c28aff484008368ae33ff4cec038",
            "content_sha1": "fc3fe78a3754ca2d525ee7ba3d0c58f9d0e8d4b6",
            "content_sha256": "83849aff8a2fc5921eae93cd18ef0729045442a6ca96e6acc3a55c13d283f9d1",
            "content_sha512": "4913ec9e54e11186969ddee879777b85f3255295b9b27ffed0f2c0245568c982efbd0b3457e0cdaeeae74244435d86fab05b1f3ed20c692da36cb3385ebe791a",
            "directory_permission": "0777",
            "file_permission": "0640",
            "filename": "vars.yaml",
            "id": "fc3fe78a3754ca2d525ee7ba3d0c58f9d0e8d4b6",
            "sensitive_content": null,
            "source": null
          },
          "sensitive_attributes": [
            [
              {
                "type": "get_attr",
                "value": "content"
              }
            ]
          ],
          "dependencies": [
            "module.my_vpc.aws_subnet.a03_db_1_subnet",
            "module.my_vpc.aws_subnet.a03_db_2_subnet",
            "module.my_vpc.aws_vpc.a03_vpc",
            "module.rds.aws_db_instance.a03_db_1_rds",
            "module.rds.aws_db_subnet_group.database_subnet_group",
            "module.security_group.aws_security_group.a03_db_1_sg"
          ]
        }
      ]
    },
    {
      "module": "module.security_group",
      "mode": "managed",
      "type": "aws_security_group",
      "name": "a03_be_sg",
      "provider": "provider[\"registry.terraform.io/hashicorp/aws\"]",
      "instances": [
        {
          "schema_version": 1,
          "attributes": {
            "arn": "arn:aws:ec2:us-west-2:327820480203:security-group/sg-001f942907d189a84",
            "description": "allow ssh from home and work",
            "egress": [
              {
                "cidr_blocks": [
                  "0.0.0.0/0"
                ],
                "description": "",
                "from_port": 0,
                "ipv6_cidr_blocks": [],
                "prefix_list_ids": [],
                "protocol": "-1",
                "security_groups": [],
                "self": false,
                "to_port": 0
              }
            ],
            "id": "sg-001f942907d189a84",
            "ingress": [
              {
                "cidr_blocks": [
                  "142.232.0.0/16",
                  "207.216.90.233/32"
                ],
                "description": "",
                "from_port": 22,
                "ipv6_cidr_blocks": [],
                "prefix_list_ids": [],
                "protocol": "tcp",
                "security_groups": [],
                "self": false,
                "to_port": 22
              },
              {
                "cidr_blocks": [
                  "192.168.0.0/16"
                ],
                "description": "",
                "from_port": 0,
                "ipv6_cidr_blocks": [],
                "prefix_list_ids": [],
                "protocol": "-1",
                "security_groups": [],
                "self": false,
                "to_port": 0
              }
            ],
            "name": "allow-ssh",
            "name_prefix": "",
            "owner_id": "327820480203",
            "revoke_rules_on_delete": false,
            "tags": {
              "Name": "a03_be_sg"
            },
            "tags_all": {
              "Name": "a03_be_sg"
            },
            "timeouts": null,
            "vpc_id": "vpc-0fe259d19fb37935e"
          },
          "sensitive_attributes": [],
          "private": "eyJlMmJmYjczMC1lY2FhLTExZTYtOGY4OC0zNDM2M2JjN2M0YzAiOnsiY3JlYXRlIjo2MDAwMDAwMDAwMDAsImRlbGV0ZSI6OTAwMDAwMDAwMDAwfSwic2NoZW1hX3ZlcnNpb24iOiIxIn0=",
          "dependencies": [
            "module.my_vpc.aws_vpc.a03_vpc"
          ]
        }
      ]
    },
    {
      "module": "module.security_group",
      "mode": "managed",
      "type": "aws_security_group",
      "name": "a03_db_1_sg",
      "provider": "provider[\"registry.terraform.io/hashicorp/aws\"]",
      "instances": [
        {
          "schema_version": 1,
          "attributes": {
            "arn": "arn:aws:ec2:us-west-2:327820480203:security-group/sg-0c87dcce89a2cf88d",
            "description": "allow port 3306 from be subnet",
            "egress": [
              {
                "cidr_blocks": [
                  "192.168.1.0/24"
                ],
                "description": "",
                "from_port": 3306,
                "ipv6_cidr_blocks": [],
                "prefix_list_ids": [],
                "protocol": "tcp",
                "security_groups": [],
                "self": false,
                "to_port": 3306
              }
            ],
            "id": "sg-0c87dcce89a2cf88d",
            "ingress": [
              {
                "cidr_blocks": [
                  "192.168.1.0/24"
                ],
                "description": "",
                "from_port": 3306,
                "ipv6_cidr_blocks": [],
                "prefix_list_ids": [],
                "protocol": "tcp",
                "security_groups": [],
                "self": false,
                "to_port": 3306
              }
            ],
            "name": "allow-port-3306",
            "name_prefix": "",
            "owner_id": "327820480203",
            "revoke_rules_on_delete": false,
            "tags": {
              "Name": "a03_db_1_sg"
            },
            "tags_all": {
              "Name": "a03_db_1_sg"
            },
            "timeouts": null,
            "vpc_id": "vpc-0fe259d19fb37935e"
          },
          "sensitive_attributes": [],
          "private": "eyJlMmJmYjczMC1lY2FhLTExZTYtOGY4OC0zNDM2M2JjN2M0YzAiOnsiY3JlYXRlIjo2MDAwMDAwMDAwMDAsImRlbGV0ZSI6OTAwMDAwMDAwMDAwfSwic2NoZW1hX3ZlcnNpb24iOiIxIn0=",
          "dependencies": [
            "module.my_vpc.aws_vpc.a03_vpc"
          ]
        }
      ]
    },
    {
      "module": "module.security_group",
      "mode": "managed",
      "type": "aws_security_group",
      "name": "a03_web_sg",
      "provider": "provider[\"registry.terraform.io/hashicorp/aws\"]",
      "instances": [
        {
          "schema_version": 1,
          "attributes": {
            "arn": "arn:aws:ec2:us-west-2:327820480203:security-group/sg-035ae3a1eaf9bd74a",
            "description": "allow ssh from home and work / http from anywhere",
            "egress": [
              {
                "cidr_blocks": [
                  "0.0.0.0/0"
                ],
                "description": "",
                "from_port": 0,
                "ipv6_cidr_blocks": [],
                "prefix_list_ids": [],
                "protocol": "-1",
                "security_groups": [],
                "self": false,
                "to_port": 0
              }
            ],
            "id": "sg-035ae3a1eaf9bd74a",
            "ingress": [
              {
                "cidr_blocks": [
                  "0.0.0.0/0"
                ],
                "description": "",
                "from_port": 443,
                "ipv6_cidr_blocks": [],
                "prefix_list_ids": [],
                "protocol": "tcp",
                "security_groups": [],
                "self": false,
                "to_port": 443
              },
              {
                "cidr_blocks": [
                  "0.0.0.0/0"
                ],
                "description": "",
                "from_port": 80,
                "ipv6_cidr_blocks": [],
                "prefix_list_ids": [],
                "protocol": "tcp",
                "security_groups": [],
                "self": false,
                "to_port": 80
              },
              {
                "cidr_blocks": [
                  "142.232.0.0/16",
                  "207.216.90.233/32"
                ],
                "description": "",
                "from_port": 22,
                "ipv6_cidr_blocks": [],
                "prefix_list_ids": [],
                "protocol": "tcp",
                "security_groups": [],
                "self": false,
                "to_port": 22
              },
              {
                "cidr_blocks": [
                  "192.168.1.0/24"
                ],
                "description": "",
                "from_port": 0,
                "ipv6_cidr_blocks": [],
                "prefix_list_ids": [],
                "protocol": "-1",
                "security_groups": [],
                "self": false,
                "to_port": 0
              }
            ],
            "name": "allow-ssh-http",
            "name_prefix": "",
            "owner_id": "327820480203",
            "revoke_rules_on_delete": false,
            "tags": {
              "Name": "a03_web_sg"
            },
            "tags_all": {
              "Name": "a03_web_sg"
            },
            "timeouts": null,
            "vpc_id": "vpc-0fe259d19fb37935e"
          },
          "sensitive_attributes": [],
          "private": "eyJlMmJmYjczMC1lY2FhLTExZTYtOGY4OC0zNDM2M2JjN2M0YzAiOnsiY3JlYXRlIjo2MDAwMDAwMDAwMDAsImRlbGV0ZSI6OTAwMDAwMDAwMDAwfSwic2NoZW1hX3ZlcnNpb24iOiIxIn0=",
          "dependencies": [
            "module.my_vpc.aws_vpc.a03_vpc"
          ]
        }
      ]
    },
    {
      "module": "module.security_group",
      "mode": "managed",
      "type": "aws_vpc_security_group_egress_rule",
      "name": "a03_be_egress",
      "provider": "provider[\"registry.terraform.io/hashicorp/aws\"]",
      "instances": [
        {
          "schema_version": 0,
          "attributes": {
            "arn": "arn:aws:ec2:us-west-2:327820480203:security-group-rule/sgr-0302eccdb4ffab9c2",
            "cidr_ipv4": "0.0.0.0/0",
            "cidr_ipv6": null,
            "description": null,
            "from_port": null,
            "id": "sgr-0302eccdb4ffab9c2",
            "ip_protocol": "-1",
            "prefix_list_id": null,
            "referenced_security_group_id": null,
            "security_group_id": "sg-001f942907d189a84",
            "security_group_rule_id": "sgr-0302eccdb4ffab9c2",
            "tags": null,
            "tags_all": {},
            "to_port": null
          },
          "sensitive_attributes": [],
          "dependencies": [
            "module.my_vpc.aws_vpc.a03_vpc",
            "module.security_group.aws_security_group.a03_be_sg"
          ]
        }
      ]
    },
    {
      "module": "module.security_group",
      "mode": "managed",
      "type": "aws_vpc_security_group_egress_rule",
      "name": "a03_db_1_egress",
      "provider": "provider[\"registry.terraform.io/hashicorp/aws\"]",
      "instances": [
        {
          "schema_version": 0,
          "attributes": {
            "arn": "arn:aws:ec2:us-west-2:327820480203:security-group-rule/sgr-0b2a31cd5fa0e8cd6",
            "cidr_ipv4": "192.168.1.0/24",
            "cidr_ipv6": null,
            "description": null,
            "from_port": 3306,
            "id": "sgr-0b2a31cd5fa0e8cd6",
            "ip_protocol": "tcp",
            "prefix_list_id": null,
            "referenced_security_group_id": null,
            "security_group_id": "sg-0c87dcce89a2cf88d",
            "security_group_rule_id": "sgr-0b2a31cd5fa0e8cd6",
            "tags": null,
            "tags_all": {},
            "to_port": 3306
          },
          "sensitive_attributes": [],
          "dependencies": [
            "module.my_vpc.aws_vpc.a03_vpc",
            "module.security_group.aws_security_group.a03_db_1_sg"
          ]
        }
      ]
    },
    {
      "module": "module.security_group",
      "mode": "managed",
      "type": "aws_vpc_security_group_egress_rule",
      "name": "a03_web_egress",
      "provider": "provider[\"registry.terraform.io/hashicorp/aws\"]",
      "instances": [
        {
          "schema_version": 0,
          "attributes": {
            "arn": "arn:aws:ec2:us-west-2:327820480203:security-group-rule/sgr-0153fb079aefaf251",
            "cidr_ipv4": "0.0.0.0/0",
            "cidr_ipv6": null,
            "description": null,
            "from_port": null,
            "id": "sgr-0153fb079aefaf251",
            "ip_protocol": "-1",
            "prefix_list_id": null,
            "referenced_security_group_id": null,
            "security_group_id": "sg-035ae3a1eaf9bd74a",
            "security_group_rule_id": "sgr-0153fb079aefaf251",
            "tags": null,
            "tags_all": {},
            "to_port": null
          },
          "sensitive_attributes": [],
          "dependencies": [
            "module.my_vpc.aws_vpc.a03_vpc",
            "module.security_group.aws_security_group.a03_web_sg"
          ]
        }
      ]
    },
    {
      "module": "module.security_group",
      "mode": "managed",
      "type": "aws_vpc_security_group_ingress_rule",
      "name": "a03_be_all_vpc",
      "provider": "provider[\"registry.terraform.io/hashicorp/aws\"]",
      "instances": [
        {
          "schema_version": 0,
          "attributes": {
            "arn": "arn:aws:ec2:us-west-2:327820480203:security-group-rule/sgr-0365a6dea09726f00",
            "cidr_ipv4": "192.168.0.0/16",
            "cidr_ipv6": null,
            "description": null,
            "from_port": null,
            "id": "sgr-0365a6dea09726f00",
            "ip_protocol": "-1",
            "prefix_list_id": null,
            "referenced_security_group_id": null,
            "security_group_id": "sg-001f942907d189a84",
            "security_group_rule_id": "sgr-0365a6dea09726f00",
            "tags": null,
            "tags_all": {},
            "to_port": null
          },
          "sensitive_attributes": [],
          "dependencies": [
            "module.my_vpc.aws_vpc.a03_vpc",
            "module.security_group.aws_security_group.a03_be_sg"
          ]
        }
      ]
    },
    {
      "module": "module.security_group",
      "mode": "managed",
      "type": "aws_vpc_security_group_ingress_rule",
      "name": "a03_be_ssh_bcit",
      "provider": "provider[\"registry.terraform.io/hashicorp/aws\"]",
      "instances": [
        {
          "schema_version": 0,
          "attributes": {
            "arn": "arn:aws:ec2:us-west-2:327820480203:security-group-rule/sgr-0f9e066314797c3a1",
            "cidr_ipv4": "142.232.0.0/16",
            "cidr_ipv6": null,
            "description": null,
            "from_port": 22,
            "id": "sgr-0f9e066314797c3a1",
            "ip_protocol": "tcp",
            "prefix_list_id": null,
            "referenced_security_group_id": null,
            "security_group_id": "sg-001f942907d189a84",
            "security_group_rule_id": "sgr-0f9e066314797c3a1",
            "tags": null,
            "tags_all": {},
            "to_port": 22
          },
          "sensitive_attributes": [],
          "dependencies": [
            "module.my_vpc.aws_vpc.a03_vpc",
            "module.security_group.aws_security_group.a03_be_sg"
          ]
        }
      ]
    },
    {
      "module": "module.security_group",
      "mode": "managed",
      "type": "aws_vpc_security_group_ingress_rule",
      "name": "a03_be_ssh_home",
      "provider": "provider[\"registry.terraform.io/hashicorp/aws\"]",
      "instances": [
        {
          "schema_version": 0,
          "attributes": {
            "arn": "arn:aws:ec2:us-west-2:327820480203:security-group-rule/sgr-058557d69c30b1b08",
            "cidr_ipv4": "207.216.90.233/32",
            "cidr_ipv6": null,
            "description": null,
            "from_port": 22,
            "id": "sgr-058557d69c30b1b08",
            "ip_protocol": "tcp",
            "prefix_list_id": null,
            "referenced_security_group_id": null,
            "security_group_id": "sg-001f942907d189a84",
            "security_group_rule_id": "sgr-058557d69c30b1b08",
            "tags": null,
            "tags_all": {},
            "to_port": 22
          },
          "sensitive_attributes": [],
          "dependencies": [
            "module.my_vpc.aws_vpc.a03_vpc",
            "module.security_group.aws_security_group.a03_be_sg"
          ]
        }
      ]
    },
    {
      "module": "module.security_group",
      "mode": "managed",
      "type": "aws_vpc_security_group_ingress_rule",
      "name": "a03_db_1_port",
      "provider": "provider[\"registry.terraform.io/hashicorp/aws\"]",
      "instances": [
        {
          "schema_version": 0,
          "attributes": {
            "arn": "arn:aws:ec2:us-west-2:327820480203:security-group-rule/sgr-003f72cb9a1b1203b",
            "cidr_ipv4": "192.168.1.0/24",
            "cidr_ipv6": null,
            "description": null,
            "from_port": 3306,
            "id": "sgr-003f72cb9a1b1203b",
            "ip_protocol": "tcp",
            "prefix_list_id": null,
            "referenced_security_group_id": null,
            "security_group_id": "sg-0c87dcce89a2cf88d",
            "security_group_rule_id": "sgr-003f72cb9a1b1203b",
            "tags": null,
            "tags_all": {},
            "to_port": 3306
          },
          "sensitive_attributes": [],
          "dependencies": [
            "module.my_vpc.aws_vpc.a03_vpc",
            "module.security_group.aws_security_group.a03_db_1_sg"
          ]
        }
      ]
    },
    {
      "module": "module.security_group",
      "mode": "managed",
      "type": "aws_vpc_security_group_ingress_rule",
      "name": "a03_web_from_be",
      "provider": "provider[\"registry.terraform.io/hashicorp/aws\"]",
      "instances": [
        {
          "schema_version": 0,
          "attributes": {
            "arn": "arn:aws:ec2:us-west-2:327820480203:security-group-rule/sgr-06170211093658c66",
            "cidr_ipv4": "192.168.1.0/24",
            "cidr_ipv6": null,
            "description": null,
            "from_port": null,
            "id": "sgr-06170211093658c66",
            "ip_protocol": "-1",
            "prefix_list_id": null,
            "referenced_security_group_id": null,
            "security_group_id": "sg-035ae3a1eaf9bd74a",
            "security_group_rule_id": "sgr-06170211093658c66",
            "tags": null,
            "tags_all": {},
            "to_port": null
          },
          "sensitive_attributes": [],
          "dependencies": [
            "module.my_vpc.aws_vpc.a03_vpc",
            "module.security_group.aws_security_group.a03_web_sg"
          ]
        }
      ]
    },
    {
      "module": "module.security_group",
      "mode": "managed",
      "type": "aws_vpc_security_group_ingress_rule",
      "name": "a03_web_http",
      "provider": "provider[\"registry.terraform.io/hashicorp/aws\"]",
      "instances": [
        {
          "schema_version": 0,
          "attributes": {
            "arn": "arn:aws:ec2:us-west-2:327820480203:security-group-rule/sgr-0f8d50f8570a46d88",
            "cidr_ipv4": "0.0.0.0/0",
            "cidr_ipv6": null,
            "description": null,
            "from_port": 80,
            "id": "sgr-0f8d50f8570a46d88",
            "ip_protocol": "tcp",
            "prefix_list_id": null,
            "referenced_security_group_id": null,
            "security_group_id": "sg-035ae3a1eaf9bd74a",
            "security_group_rule_id": "sgr-0f8d50f8570a46d88",
            "tags": null,
            "tags_all": {},
            "to_port": 80
          },
          "sensitive_attributes": [],
          "dependencies": [
            "module.my_vpc.aws_vpc.a03_vpc",
            "module.security_group.aws_security_group.a03_web_sg"
          ]
        }
      ]
    },
    {
      "module": "module.security_group",
      "mode": "managed",
      "type": "aws_vpc_security_group_ingress_rule",
      "name": "a03_web_https",
      "provider": "provider[\"registry.terraform.io/hashicorp/aws\"]",
      "instances": [
        {
          "schema_version": 0,
          "attributes": {
            "arn": "arn:aws:ec2:us-west-2:327820480203:security-group-rule/sgr-01e652a11b6af32f2",
            "cidr_ipv4": "0.0.0.0/0",
            "cidr_ipv6": null,
            "description": null,
            "from_port": 443,
            "id": "sgr-01e652a11b6af32f2",
            "ip_protocol": "tcp",
            "prefix_list_id": null,
            "referenced_security_group_id": null,
            "security_group_id": "sg-035ae3a1eaf9bd74a",
            "security_group_rule_id": "sgr-01e652a11b6af32f2",
            "tags": null,
            "tags_all": {},
            "to_port": 443
          },
          "sensitive_attributes": [],
          "dependencies": [
            "module.my_vpc.aws_vpc.a03_vpc",
            "module.security_group.aws_security_group.a03_web_sg"
          ]
        }
      ]
    },
    {
      "module": "module.security_group",
      "mode": "managed",
      "type": "aws_vpc_security_group_ingress_rule",
      "name": "a03_web_ssh_bcit",
      "provider": "provider[\"registry.terraform.io/hashicorp/aws\"]",
      "instances": [
        {
          "schema_version": 0,
          "attributes": {
            "arn": "arn:aws:ec2:us-west-2:327820480203:security-group-rule/sgr-006dd1440c3855a4b",
            "cidr_ipv4": "142.232.0.0/16",
            "cidr_ipv6": null,
            "description": null,
            "from_port": 22,
            "id": "sgr-006dd1440c3855a4b",
            "ip_protocol": "tcp",
            "prefix_list_id": null,
            "referenced_security_group_id": null,
            "security_group_id": "sg-035ae3a1eaf9bd74a",
            "security_group_rule_id": "sgr-006dd1440c3855a4b",
            "tags": null,
            "tags_all": {},
            "to_port": 22
          },
          "sensitive_attributes": [],
          "dependencies": [
            "module.my_vpc.aws_vpc.a03_vpc",
            "module.security_group.aws_security_group.a03_web_sg"
          ]
        }
      ]
    },
    {
      "module": "module.security_group",
      "mode": "managed",
      "type": "aws_vpc_security_group_ingress_rule",
      "name": "a03_web_ssh_home",
      "provider": "provider[\"registry.terraform.io/hashicorp/aws\"]",
      "instances": [
        {
          "schema_version": 0,
          "attributes": {
            "arn": "arn:aws:ec2:us-west-2:327820480203:security-group-rule/sgr-00d1c9c1da9621cba",
            "cidr_ipv4": "207.216.90.233/32",
            "cidr_ipv6": null,
            "description": null,
            "from_port": 22,
            "id": "sgr-00d1c9c1da9621cba",
            "ip_protocol": "tcp",
            "prefix_list_id": null,
            "referenced_security_group_id": null,
            "security_group_id": "sg-035ae3a1eaf9bd74a",
            "security_group_rule_id": "sgr-00d1c9c1da9621cba",
            "tags": null,
            "tags_all": {},
            "to_port": 22
          },
          "sensitive_attributes": [],
          "dependencies": [
            "module.my_vpc.aws_vpc.a03_vpc",
            "module.security_group.aws_security_group.a03_web_sg"
          ]
        }
      ]
    },
    {
      "module": "module.security_group",
      "mode": "managed",
      "type": "local_file",
      "name": "vpc_vars_file",
      "provider": "provider[\"registry.terraform.io/hashicorp/local\"]",
      "instances": [
        {
          "schema_version": 0,
          "attributes": {
            "content": "a03_db_1_sg: sg-0c87dcce89a2cf88d\n",
            "content_base64": null,
            "content_base64sha256": "wMmmoSF6covAqZYWPJhbyrROxiGWMG1wzVEzleUcTSU=",
            "content_base64sha512": "cztgfDDKsZqP4iCeJfKl/BYsTijQa6t/JEfIgGigR/t6vqVaFgs41WT8ZT3CBRyLbZPRoD2AabuRvQYpPGgVKQ==",
            "content_md5": "08ca944770fcebd8204c72e2770260db",
            "content_sha1": "4c4b3585a9af8eb4bbd18eaf125c0819138481d2",
            "content_sha256": "c0c9a6a1217a728bc0a996163c985bcab44ec62196306d70cd513395e51c4d25",
            "content_sha512": "733b607c30cab19a8fe2209e25f2a5fc162c4e28d06bab7f2447c88068a047fb7abea55a160b38d564fc653dc2051c8b6d93d1a03d8069bb91bd06293c681529",
            "directory_permission": "0777",
            "file_permission": "0640",
            "filename": "vars.yaml",
            "id": "4c4b3585a9af8eb4bbd18eaf125c0819138481d2",
            "sensitive_content": null,
            "source": null
          },
          "sensitive_attributes": [],
          "dependencies": [
            "module.my_vpc.aws_vpc.a03_vpc",
            "module.security_group.aws_security_group.a03_db_1_sg"
          ]
        }
      ]
    }
  ],
  "check_results": null
}
